{
    "_readme": [
        "This file locks the dependencies of your project to a known state",
        "Read more about it at https://getcomposer.org/doc/01-basic-usage.md#installing-dependencies",
        "This file is @generated automatically"
    ],
    "content-hash": "dc49bc26e4e3afaef8422c12409609e3",
    "packages": [
        {
            "name": "benlumia007/backdrop-template-helpers",
            "version": "1.0.0",
            "source": {
                "type": "git",
                "url": "https://github.com/benlumia007/backdrop-template-helpers.git",
                "reference": "4c95d4710406e31901d6e992737ae3eb4331a83e"
            },
            "dist": {
                "type": "zip",
                "url": "https://api.github.com/repos/benlumia007/backdrop-template-helpers/zipball/4c95d4710406e31901d6e992737ae3eb4331a83e",
                "reference": "4c95d4710406e31901d6e992737ae3eb4331a83e",
                "shasum": ""
            },
            "require": {
                "php": ">=7.0"
            },
            "type": "library",
            "autoload": {
                "files": [
                    "src/functions-helpers.php"
                ],
                "psr-4": {
                    "Backdrop\\Template\\Helpers\\": "src/"
                }
            },
            "notification-url": "https://packagist.org/downloads/",
            "license": [
                "GPL-2.0-or-later"
            ],
            "authors": [
                {
                    "name": "Benjamin Lu",
                    "email": "benlumia007@gmail.com",
                    "homepage": "https://benjlu.com",
                    "role": "Developer"
                }
            ],
            "description": "A core that helps you build amazing themes",
            "homepage": "https://github.com/benlumia007/backdrop-template-helpers",
            "keywords": [
                "wordpress"
            ],
            "support": {
                "issues": "https://github.com/benlumia007/backdrop-template-helpers/issues",
                "source": "https://github.com/benlumia007/backdrop-template-helpers/tree/1.0.0"
            },
            "time": "2023-01-19T23:23:48+00:00"
        }
    ],
    "packages-dev": [],
    "aliases": [],
    "minimum-stability": "stable",
    "stability-flags": [],
    "prefer-stable": false,
    "prefer-lowest": false,
    "platform": {
        "php": ">=7.0"
    },
    "platform-dev": [],
    "plugin-api-version": "2.2.0"
}
